{
  "name": "qrGennerator",
  "lockfileVersion": 3,
  "requires": true,
  "packages": {
    "": {
      "dependencies": {
        "qrcode-generator": "^1.5.0"
      }
    },
    "node_modules/qrcode-generator": {
      "version": "1.5.0",
      "resolved": "https://registry.npmjs.org/qrcode-generator/-/qrcode-generator-1.5.0.tgz",
      "integrity": "sha512-sqo7otiDq5rA4djRkFI7IjLQqxRrLpIou0d3rqr03JJLUGf5raPh91xCio+lFFbQf0SlcVckStz0EmDEX3EeZA==",
      "license": "MIT"
    }
  }
}
